
Microsoft Visual Studio Solution File, Format Version 12.00
# Visual Studio Version 16
VisualStudioVersion = 16.0.30717.126
MinimumVisualStudioVersion = 10.0.40219.1
Project("{9A19103F-16F7-4668-BE54-9A1E7A4F7556}") = "berbix-dotnet-sdk", "src\berbix-dotnet-sdk.csproj", "{8B2C45C5-1121-4549-BA0A-EC5F79C6332A}"
EndProject
Project("{9A19103F-16F7-4668-BE54-9A1E7A4F7556}") = "berbix-dotnet-sdk-tests", "test\berbix-dotnet-sdk-tests.csproj", "{4F810392-0FBC-4D41-98AC-A899B233454E}"
EndProject
Global
	GlobalSection(SolutionConfigurationPlatforms) = preSolution
		Debug|Any CPU = Debug|Any CPU
		Release|Any CPU = Release|Any CPU
	EndGlobalSection
	GlobalSection(ProjectConfigurationPlatforms) = postSolution
		{8B2C45C5-1121-4549-BA0A-EC5F79C6332A}.Debug|Any CPU.ActiveCfg = Debug|Any CPU
		{8B2C45C5-1121-4549-BA0A-EC5F79C6332A}.Debug|Any CPU.Build.0 = Debug|Any CPU
		{8B2C45C5-1121-4549-BA0A-EC5F79C6332A}.Release|Any CPU.ActiveCfg = Release|Any CPU
		{8B2C45C5-1121-4549-BA0A-EC5F79C6332A}.Release|Any CPU.Build.0 = Release|Any CPU
		{4F810392-0FBC-4D41-98AC-A899B233454E}.Debug|Any CPU.ActiveCfg = Debug|Any CPU
		{4F810392-0FBC-4D41-98AC-A899B233454E}.Debug|Any CPU.Build.0 = Debug|Any CPU
		{4F810392-0FBC-4D41-98AC-A899B233454E}.Release|Any CPU.ActiveCfg = Release|Any CPU
		{4F810392-0FBC-4D41-98AC-A899B233454E}.Release|Any CPU.Build.0 = Release|Any CPU
	EndGlobalSection
	GlobalSection(SolutionProperties) = preSolution
		HideSolutionNode = FALSE
	EndGlobalSection
	GlobalSection(ExtensibilityGlobals) = postSolution
		SolutionGuid = {1D50D816-13FC-4C5E-9F91-8C175D93CDB5}
	EndGlobalSection
EndGlobal
